// !$*UTF8*$!
{
	archiveVersion = 1;
	classes = {
	};
	objectVersion = 56;
	objects = {

/* Begin PBXBuildFile section */
		7D60645329C5C2180084E566 /* AppDelegate.swift in Sources */ = {isa = PBXBuildFile; fileRef = 7D60645229C5C2180084E566 /* AppDelegate.swift */; };
		7D60645529C5C2180084E566 /* SceneDelegate.swift in Sources */ = {isa = PBXBuildFile; fileRef = 7D60645429C5C2180084E566 /* SceneDelegate.swift */; };
		7D60645A29C5C2180084E566 /* Main.storyboard in Resources */ = {isa = PBXBuildFile; fileRef = 7D60645829C5C2180084E566 /* Main.storyboard */; };
		7D60645C29C5C2180084E566 /* Assets.xcassets in Resources */ = {isa = PBXBuildFile; fileRef = 7D60645B29C5C2180084E566 /* Assets.xcassets */; };
		7D60645F29C5C2180084E566 /* LaunchScreen.storyboard in Resources */ = {isa = PBXBuildFile; fileRef = 7D60645D29C5C2180084E566 /* LaunchScreen.storyboard */; };
		7D60646729C5C4EC0084E566 /* CategoryTableViewController.swift in Sources */ = {isa = PBXBuildFile; fileRef = 7D60646629C5C4EC0084E566 /* CategoryTableViewController.swift */; };
		7D60646929C5C4FD0084E566 /* MenuTableViewController.swift in Sources */ = {isa = PBXBuildFile; fileRef = 7D60646829C5C4FD0084E566 /* MenuTableViewController.swift */; };
		7D60646B29C5C50D0084E566 /* OrderTableViewController.swift in Sources */ = {isa = PBXBuildFile; fileRef = 7D60646A29C5C50D0084E566 /* OrderTableViewController.swift */; };
		7DCB1D3329C60B6B004C4618 /* MenuItemDetailViewController.swift in Sources */ = {isa = PBXBuildFile; fileRef = 7DCB1D3229C60B6B004C4618 /* MenuItemDetailViewController.swift */; };
		7DCB1D3629C60BF9004C4618 /* MenuItem.swift in Sources */ = {isa = PBXBuildFile; fileRef = 7DCB1D3529C60BF9004C4618 /* MenuItem.swift */; };
		7DCB1D3929C60F9D004C4618 /* ResponseModels.swift in Sources */ = {isa = PBXBuildFile; fileRef = 7DCB1D3829C60F9D004C4618 /* ResponseModels.swift */; };
		7DCB1D3B29C756D5004C4618 /* Order.swift in Sources */ = {isa = PBXBuildFile; fileRef = 7DCB1D3A29C756D5004C4618 /* Order.swift */; };
		7DCB1D3D29C7583C004C4618 /* MenuController.swift in Sources */ = {isa = PBXBuildFile; fileRef = 7DCB1D3C29C7583C004C4618 /* MenuController.swift */; };
		7DCEFA5829CCE07700D5CC41 /* OrderConfirmationViewController.swift in Sources */ = {isa = PBXBuildFile; fileRef = 7DCEFA5729CCE07700D5CC41 /* OrderConfirmationViewController.swift */; };
		7DD06CCE29D0A03C00D4D5BA /* MenuItemCell.swift in Sources */ = {isa = PBXBuildFile; fileRef = 7DD06CCD29D0A03C00D4D5BA /* MenuItemCell.swift */; };
/* End PBXBuildFile section */

/* Begin PBXFileReference section */
		7D60644F29C5C2180084E566 /* OrderApp.app */ = {isa = PBXFileReference; explicitFileType = wrapper.application; includeInIndex = 0; path = OrderApp.app; sourceTree = BUILT_PRODUCTS_DIR; };
		7D60645229C5C2180084E566 /* AppDelegate.swift */ = {isa = PBXFileReference; lastKnownFileType = sourcecode.swift; path = AppDelegate.swift; sourceTree = "<group>"; };
		7D60645429C5C2180084E566 /* SceneDelegate.swift */ = {isa = PBXFileReference; lastKnownFileType = sourcecode.swift; path = SceneDelegate.swift; sourceTree = "<group>"; };
		7D60645929C5C2180084E566 /* Base */ = {isa = PBXFileReference; lastKnownFileType = file.storyboard; name = Base; path = Base.lproj/Main.storyboard; sourceTree = "<group>"; };
		7D60645B29C5C2180084E566 /* Assets.xcassets */ = {isa = PBXFileReference; lastKnownFileType = folder.assetcatalog; path = Assets.xcassets; sourceTree = "<group>"; };
		7D60645E29C5C2180084E566 /* Base */ = {isa = PBXFileReference; lastKnownFileType = file.storyboard; name = Base; path = Base.lproj/LaunchScreen.storyboard; sourceTree = "<group>"; };
		7D60646029C5C2180084E566 /* Info.plist */ = {isa = PBXFileReference; lastKnownFileType = text.plist.xml; path = Info.plist; sourceTree = "<group>"; };
		7D60646629C5C4EC0084E566 /* CategoryTableViewController.swift */ = {isa = PBXFileReference; lastKnownFileType = sourcecode.swift; path = CategoryTableViewController.swift; sourceTree = "<group>"; };
		7D60646829C5C4FD0084E566 /* MenuTableViewController.swift */ = {isa = PBXFileReference; lastKnownFileType = sourcecode.swift; path = MenuTableViewController.swift; sourceTree = "<group>"; };
		7D60646A29C5C50D0084E566 /* OrderTableViewController.swift */ = {isa = PBXFileReference; lastKnownFileType = sourcecode.swift; path = OrderTableViewController.swift; sourceTree = "<group>"; };
		7DCB1D3229C60B6B004C4618 /* MenuItemDetailViewController.swift */ = {isa = PBXFileReference; lastKnownFileType = sourcecode.swift; path = MenuItemDetailViewController.swift; sourceTree = "<group>"; };
		7DCB1D3529C60BF9004C4618 /* MenuItem.swift */ = {isa = PBXFileReference; lastKnownFileType = sourcecode.swift; path = MenuItem.swift; sourceTree = "<group>"; };
		7DCB1D3829C60F9D004C4618 /* ResponseModels.swift */ = {isa = PBXFileReference; lastKnownFileType = sourcecode.swift; path = ResponseModels.swift; sourceTree = "<group>"; };
		7DCB1D3A29C756D5004C4618 /* Order.swift */ = {isa = PBXFileReference; lastKnownFileType = sourcecode.swift; path = Order.swift; sourceTree = "<group>"; };
		7DCB1D3C29C7583C004C4618 /* MenuController.swift */ = {isa = PBXFileReference; lastKnownFileType = sourcecode.swift; path = MenuController.swift; sourceTree = "<group>"; };
		7DCEFA5729CCE07700D5CC41 /* OrderConfirmationViewController.swift */ = {isa = PBXFileReference; lastKnownFileType = sourcecode.swift; path = OrderConfirmationViewController.swift; sourceTree = "<group>"; };
		7DD06CCD29D0A03C00D4D5BA /* MenuItemCell.swift */ = {isa = PBXFileReference; lastKnownFileType = sourcecode.swift; path = MenuItemCell.swift; sourceTree = "<group>"; };
/* End PBXFileReference section */

/* Begin PBXFrameworksBuildPhase section */
		7D60644C29C5C2180084E566 /* Frameworks */ = {
			isa = PBXFrameworksBuildPhase;
			buildActionMask = 2147483647;
			files = (
			);
			runOnlyForDeploymentPostprocessing = 0;
		};
/* End PBXFrameworksBuildPhase section */

/* Begin PBXGroup section */
		7D60644629C5C2180084E566 = {
			isa = PBXGroup;
			children = (
				7D60645129C5C2180084E566 /* OrderApp */,
				7D60645029C5C2180084E566 /* Products */,
			);
			sourceTree = "<group>";
		};
		7D60645029C5C2180084E566 /* Products */ = {
			isa = PBXGroup;
			children = (
				7D60644F29C5C2180084E566 /* OrderApp.app */,
			);
			name = Products;
			sourceTree = "<group>";
		};
		7D60645129C5C2180084E566 /* OrderApp */ = {
			isa = PBXGroup;
			children = (
				7D60645229C5C2180084E566 /* AppDelegate.swift */,
				7D60645429C5C2180084E566 /* SceneDelegate.swift */,
				7D60645829C5C2180084E566 /* Main.storyboard */,
				7DCB1D3E29C75847004C4618 /* Controllers */,
				7DCB1D3729C60C02004C4618 /* Models */,
				7DCB1D3429C60BCB004C4618 /* ViewControllers */,
				7D60645B29C5C2180084E566 /* Assets.xcassets */,
				7D60645D29C5C2180084E566 /* LaunchScreen.storyboard */,
				7D60646029C5C2180084E566 /* Info.plist */,
			);
			path = OrderApp;
			sourceTree = "<group>";
		};
		7DCB1D3429C60BCB004C4618 /* ViewControllers */ = {
			isa = PBXGroup;
			children = (
				7DD06CCD29D0A03C00D4D5BA /* MenuItemCell.swift */,
				7DCB1D3229C60B6B004C4618 /* MenuItemDetailViewController.swift */,
				7D60646629C5C4EC0084E566 /* CategoryTableViewController.swift */,
				7D60646829C5C4FD0084E566 /* MenuTableViewController.swift */,
				7D60646A29C5C50D0084E566 /* OrderTableViewController.swift */,
				7DCEFA5729CCE07700D5CC41 /* OrderConfirmationViewController.swift */,
			);
			path = ViewControllers;
			sourceTree = "<group>";
		};
		7DCB1D3729C60C02004C4618 /* Models */ = {
			isa = PBXGroup;
			children = (
				7DCB1D3529C60BF9004C4618 /* MenuItem.swift */,
				7DCB1D3829C60F9D004C4618 /* ResponseModels.swift */,
				7DCB1D3A29C756D5004C4618 /* Order.swift */,
			);
			path = Models;
			sourceTree = "<group>";
		};
		7DCB1D3E29C75847004C4618 /* Controllers */ = {
			isa = PBXGroup;
			children = (
				7DCB1D3C29C7583C004C4618 /* MenuController.swift */,
			);
			path = Controllers;
			sourceTree = "<group>";
		};
/* End PBXGroup section */

/* Begin PBXNativeTarget section */
		7D60644E29C5C2180084E566 /* OrderApp */ = {
			isa = PBXNativeTarget;
			buildConfigurationList = 7D60646329C5C2180084E566 /* Build configuration list for PBXNativeTarget "OrderApp" */;
			buildPhases = (
				7D60644B29C5C2180084E566 /* Sources */,
				7D60644C29C5C2180084E566 /* Frameworks */,
				7D60644D29C5C2180084E566 /* Resources */,
			);
			buildRules = (
			);
			dependencies = (
			);
			name = OrderApp;
			productName = OrderApp;
			productReference = 7D60644F29C5C2180084E566 /* OrderApp.app */;
			productType = "com.apple.product-type.application";
		};
/* End PBXNativeTarget section */

/* Begin PBXProject section */
		7D60644729C5C2180084E566 /* Project object */ = {
			isa = PBXProject;
			attributes = {
				BuildIndependentTargetsInParallel = 1;
				LastSwiftUpdateCheck = 1420;
				LastUpgradeCheck = 1420;
				TargetAttributes = {
					7D60644E29C5C2180084E566 = {
						CreatedOnToolsVersion = 14.2;
					};
				};
			};
			buildConfigurationList = 7D60644A29C5C2180084E566 /* Build configuration list for PBXProject "OrderApp" */;
			compatibilityVersion = "Xcode 14.0";
			developmentRegion = en;
			hasScannedForEncodings = 0;
			knownRegions = (
				en,
				Base,
			);
			mainGroup = 7D60644629C5C2180084E566;
			productRefGroup = 7D60645029C5C2180084E566 /* Products */;
			projectDirPath = "";
			projectRoot = "";
			targets = (
				7D60644E29C5C2180084E566 /* OrderApp */,
			);
		};
/* End PBXProject section */

/* Begin PBXResourcesBuildPhase section */
		7D60644D29C5C2180084E566 /* Resources */ = {
			isa = PBXResourcesBuildPhase;
			buildActionMask = 2147483647;
			files = (
				7D60645F29C5C2180084E566 /* LaunchScreen.storyboard in Resources */,
				7D60645C29C5C2180084E566 /* Assets.xcassets in Resources */,
				7D60645A29C5C2180084E566 /* Main.storyboard in Resources */,
			);
			runOnlyForDeploymentPostprocessing = 0;
		};
/* End PBXResourcesBuildPhase section */

/* Begin PBXSourcesBuildPhase section */
		7D60644B29C5C2180084E566 /* Sources */ = {
			isa = PBXSourcesBuildPhase;
			buildActionMask = 2147483647;
			files = (
				7DCB1D3D29C7583C004C4618 /* MenuController.swift in Sources */,
				7DCB1D3629C60BF9004C4618 /* MenuItem.swift in Sources */,
				7D60646929C5C4FD0084E566 /* MenuTableViewController.swift in Sources */,
				7DCB1D3929C60F9D004C4618 /* ResponseModels.swift in Sources */,
				7DCB1D3B29C756D5004C4618 /* Order.swift in Sources */,
				7DCB1D3329C60B6B004C4618 /* MenuItemDetailViewController.swift in Sources */,
				7D60646B29C5C50D0084E566 /* OrderTableViewController.swift in Sources */,
				7D60645329C5C2180084E566 /* AppDelegate.swift in Sources */,
				7D60645529C5C2180084E566 /* SceneDelegate.swift in Sources */,
				7DD06CCE29D0A03C00D4D5BA /* MenuItemCell.swift in Sources */,
				7DCEFA5829CCE07700D5CC41 /* OrderConfirmationViewController.swift in Sources */,
				7D60646729C5C4EC0084E566 /* CategoryTableViewController.swift in Sources */,
			);
			runOnlyForDeploymentPostprocessing = 0;
		};
/* End PBXSourcesBuildPhase section */

/* Begin PBXVariantGroup section */
		7D60645829C5C2180084E566 /* Main.storyboard */ = {
			isa = PBXVariantGroup;
			children = (
				7D60645929C5C2180084E566 /* Base */,
			);
			name = Main.storyboard;
			sourceTree = "<group>";
		};
		7D60645D29C5C2180084E566 /* LaunchScreen.storyboard */ = {
			isa = PBXVariantGroup;
			children = (
				7D60645E29C5C2180084E566 /* Base */,
			);
			name = LaunchScreen.storyboard;
			sourceTree = "<group>";
		};
/* End PBXVariantGroup section */

/* Begin XCBuildConfiguration section */
		7D60646129C5C2180084E566 /* Debug */ = {
			isa = XCBuildConfiguration;
			buildSettings = {
				ALWAYS_SEARCH_USER_PATHS = NO;
				CLANG_ANALYZER_NONNULL = YES;
				CLANG_ANALYZER_NUMBER_OBJECT_CONVERSION = YES_AGGRESSIVE;
				CLANG_CXX_LANGUAGE_STANDARD = "gnu++20";
				CLANG_ENABLE_MODULES = YES;
				CLANG_ENABLE_OBJC_ARC = YES;
				CLANG_ENABLE_OBJC_WEAK = YES;
				CLANG_WARN_BLOCK_CAPTURE_AUTORELEASING = YES;
				CLANG_WARN_BOOL_CONVERSION = YES;
				CLANG_WARN_COMMA = YES;
				CLANG_WARN_CONSTANT_CONVERSION = YES;
				CLANG_WARN_DEPRECATED_OBJC_IMPLEMENTATIONS = YES;
				CLANG_WARN_DIRECT_OBJC_ISA_USAGE = YES_ERROR;
				CLANG_WARN_DOCUMENTATION_COMMENTS = YES;
				CLANG_WARN_EMPTY_BODY = YES;
				CLANG_WARN_ENUM_CONVERSION = YES;
				CLANG_WARN_INFINITE_RECURSION = YES;
				CLANG_WARN_INT_CONVERSION = YES;
				CLANG_WARN_NON_LITERAL_NULL_CONVERSION = YES;
				CLANG_WARN_OBJC_IMPLICIT_RETAIN_SELF = YES;
				CLANG_WARN_OBJC_LITERAL_CONVERSION = YES;
				CLANG_WARN_OBJC_ROOT_CLASS = YES_ERROR;
				CLANG_WARN_QUOTED_INCLUDE_IN_FRAMEWORK_HEADER = YES;
				CLANG_WARN_RANGE_LOOP_ANALYSIS = YES;
				CLANG_WARN_STRICT_PROTOTYPES = YES;
				CLANG_WARN_SUSPICIOUS_MOVE = YES;
				CLANG_WARN_UNGUARDED_AVAILABILITY = YES_AGGRESSIVE;
				CLANG_WARN_UNREACHABLE_CODE = YES;
				CLANG_WARN__DUPLICATE_METHOD_MATCH = YES;
				COPY_PHASE_STRIP = NO;
				DEBUG_INFORMATION_FORMAT = dwarf;
				ENABLE_STRICT_OBJC_MSGSEND = YES;
				ENABLE_TESTABILITY = YES;
				GCC_C_LANGUAGE_STANDARD = gnu11;
				GCC_DYNAMIC_NO_PIC = NO;
				GCC_NO_COMMON_BLOCKS = YES;
				GCC_OPTIMIZATION_LEVEL = 0;
				GCC_PREPROCESSOR_DEFINITIONS = (
					"DEBUG=1",
					"$(inherited)",
				);
				GCC_WARN_64_TO_32_BIT_CONVERSION = YES;
				GCC_WARN_ABOUT_RETURN_TYPE = YES_ERROR;
				GCC_WARN_UNDECLARED_SELECTOR = YES;
				GCC_WARN_UNINITIALIZED_AUTOS = YES_AGGRESSIVE;
				GCC_WARN_UNUSED_FUNCTION = YES;
				GCC_WARN_UNUSED_VARIABLE = YES;
				IPHONEOS_DEPLOYMENT_TARGET = 16.2;
				MTL_ENABLE_DEBUG_INFO = INCLUDE_SOURCE;
				MTL_FAST_MATH = YES;
				ONLY_ACTIVE_ARCH = YES;
				SDKROOT = iphoneos;
				SWIFT_ACTIVE_COMPILATION_CONDITIONS = DEBUG;
				SWIFT_OPTIMIZATION_LEVEL = "-Onone";
			};
			name = Debug;
		};
		7D60646229C5C2180084E566 /* Release */ = {
			isa = XCBuildConfiguration;
			buildSettings = {
				ALWAYS_SEARCH_USER_PATHS = NO;
				CLANG_ANALYZER_NONNULL = YES;
				CLANG_ANALYZER_NUMBER_OBJECT_CONVERSION = YES_AGGRESSIVE;
				CLANG_CXX_LANGUAGE_STANDARD = "gnu++20";
				CLANG_ENABLE_MODULES = YES;
				CLANG_ENABLE_OBJC_ARC = YES;
				CLANG_ENABLE_OBJC_WEAK = YES;
				CLANG_WARN_BLOCK_CAPTURE_AUTORELEASING = YES;
				CLANG_WARN_BOOL_CONVERSION = YES;
				CLANG_WARN_COMMA = YES;
				CLANG_WARN_CONSTANT_CONVERSION = YES;
				CLANG_WARN_DEPRECATED_OBJC_IMPLEMENTATIONS = YES;
				CLANG_WARN_DIRECT_OBJC_ISA_USAGE = YES_ERROR;
				CLANG_WARN_DOCUMENTATION_COMMENTS = YES;
				CLANG_WARN_EMPTY_BODY = YES;
				CLANG_WARN_ENUM_CONVERSION = YES;
				CLANG_WARN_INFINITE_RECURSION = YES;
				CLANG_WARN_INT_CONVERSION = YES;
				CLANG_WARN_NON_LITERAL_NULL_CONVERSION = YES;
				CLANG_WARN_OBJC_IMPLICIT_RETAIN_SELF = YES;
				CLANG_WARN_OBJC_LITERAL_CONVERSION = YES;
				CLANG_WARN_OBJC_ROOT_CLASS = YES_ERROR;
				CLANG_WARN_QUOTED_INCLUDE_IN_FRAMEWORK_HEADER = YES;
				CLANG_WARN_RANGE_LOOP_ANALYSIS = YES;
				CLANG_WARN_STRICT_PROTOTYPES = YES;
				CLANG_WARN_SUSPICIOUS_MOVE = YES;
				CLANG_WARN_UNGUARDED_AVAILABILITY = YES_AGGRESSIVE;
				CLANG_WARN_UNREACHABLE_CODE = YES;
				CLANG_WARN__DUPLICATE_METHOD_MATCH = YES;
				COPY_PHASE_STRIP = NO;
				DEBUG_INFORMATION_FORMAT = "dwarf-with-dsym";
				ENABLE_NS_ASSERTIONS = NO;
				ENABLE_STRICT_OBJC_MSGSEND = YES;
				GCC_C_LANGUAGE_STANDARD = gnu11;
				GCC_NO_COMMON_BLOCKS = YES;
				GCC_WARN_64_TO_32_BIT_CONVERSION = YES;
				GCC_WARN_ABOUT_RETURN_TYPE = YES_ERROR;
				GCC_WARN_UNDECLARED_SELECTOR = YES;
				GCC_WARN_UNINITIALIZED_AUTOS = YES_AGGRESSIVE;
				GCC_WARN_UNUSED_FUNCTION = YES;
				GCC_WARN_UNUSED_VARIABLE = YES;
				IPHONEOS_DEPLOYMENT_TARGET = 16.2;
				MTL_ENABLE_DEBUG_INFO = NO;
				MTL_FAST_MATH = YES;
				SDKROOT = iphoneos;
				SWIFT_COMPILATION_MODE = wholemodule;
				SWIFT_OPTIMIZATION_LEVEL = "-O";
				VALIDATE_PRODUCT = YES;
			};
			name = Release;
		};
		7D60646429C5C2180084E566 /* Debug */ = {
			isa = XCBuildConfiguration;
			buildSettings = {
				ASSETCATALOG_COMPILER_APPICON_NAME = AppIcon;
				ASSETCATALOG_COMPILER_GLOBAL_ACCENT_COLOR_NAME = AccentColor;
				CODE_SIGN_STYLE = Automatic;
				CURRENT_PROJECT_VERSION = 1;
				DEVELOPMENT_TEAM = UV9T3V6SYB;
				GENERATE_INFOPLIST_FILE = YES;
				INFOPLIST_FILE = OrderApp/Info.plist;
				INFOPLIST_KEY_UIApplicationSupportsIndirectInputEvents = YES;
				INFOPLIST_KEY_UILaunchStoryboardName = LaunchScreen;
				INFOPLIST_KEY_UIMainStoryboardFile = Main;
				INFOPLIST_KEY_UISupportedInterfaceOrientations_iPad = "UIInterfaceOrientationPortrait UIInterfaceOrientationPortraitUpsideDown UIInterfaceOrientationLandscapeLeft UIInterfaceOrientationLandscapeRight";
				INFOPLIST_KEY_UISupportedInterfaceOrientations_iPhone = "UIInterfaceOrientationPortrait UIInterfaceOrientationLandscapeLeft UIInterfaceOrientationLandscapeRight";
				LD_RUNPATH_SEARCH_PATHS = (
					"$(inherited)",
					"@executable_path/Frameworks",
				);
				MARKETING_VERSION = 1.0;
				PRODUCT_BUNDLE_IDENTIFIER = pro100org.OrderApp;
				PRODUCT_NAME = "$(TARGET_NAME)";
				SWIFT_EMIT_LOC_STRINGS = YES;
				SWIFT_VERSION = 5.0;
				TARGETED_DEVICE_FAMILY = "1,2";
			};
			name = Debug;
		};
		7D60646529C5C2180084E566 /* Release */ = {
			isa = XCBuildConfiguration;
			buildSettings = {
				ASSETCATALOG_COMPILER_APPICON_NAME = AppIcon;
				ASSETCATALOG_COMPILER_GLOBAL_ACCENT_COLOR_NAME = AccentColor;
				CODE_SIGN_STYLE = Automatic;
				CURRENT_PROJECT_VERSION = 1;
				DEVELOPMENT_TEAM = UV9T3V6SYB;
				GENERATE_INFOPLIST_FILE = YES;
				INFOPLIST_FILE = OrderApp/Info.plist;
				INFOPLIST_KEY_UIApplicationSupportsIndirectInputEvents = YES;
				INFOPLIST_KEY_UILaunchStoryboardName = LaunchScreen;
				INFOPLIST_KEY_UIMainStoryboardFile = Main;
				INFOPLIST_KEY_UISupportedInterfaceOrientations_iPad = "UIInterfaceOrientationPortrait UIInterfaceOrientationPortraitUpsideDown UIInterfaceOrientationLandscapeLeft UIInterfaceOrientationLandscapeRight";
				INFOPLIST_KEY_UISupportedInterfaceOrientations_iPhone = "UIInterfaceOrientationPortrait UIInterfaceOrientationLandscapeLeft UIInterfaceOrientationLandscapeRight";
				LD_RUNPATH_SEARCH_PATHS = (
					"$(inherited)",
					"@executable_path/Frameworks",
				);
				MARKETING_VERSION = 1.0;
				PRODUCT_BUNDLE_IDENTIFIER = pro100org.OrderApp;
				PRODUCT_NAME = "$(TARGET_NAME)";
				SWIFT_EMIT_LOC_STRINGS = YES;
				SWIFT_VERSION = 5.0;
				TARGETED_DEVICE_FAMILY = "1,2";
			};
			name = Release;
		};
/* End XCBuildConfiguration section */

/* Begin XCConfigurationList section */
		7D60644A29C5C2180084E566 /* Build configuration list for PBXProject "OrderApp" */ = {
			isa = XCConfigurationList;
			buildConfigurations = (
				7D60646129C5C2180084E566 /* Debug */,
				7D60646229C5C2180084E566 /* Release */,
			);
			defaultConfigurationIsVisible = 0;
			defaultConfigurationName = Release;
		};
		7D60646329C5C2180084E566 /* Build configuration list for PBXNativeTarget "OrderApp" */ = {
			isa = XCConfigurationList;
			buildConfigurations = (
				7D60646429C5C2180084E566 /* Debug */,
				7D60646529C5C2180084E566 /* Release */,
			);
			defaultConfigurationIsVisible = 0;
			defaultConfigurationName = Release;
		};
/* End XCConfigurationList section */
	};
	rootObject = 7D60644729C5C2180084E566 /* Project object */;
}
